{
  "name": "webflow-dev-setup",
  "lockfileVersion": 3,
  "requires": true,
  "packages": {
    "": {
      "name": "webflow-dev-setup",
      "license": "CC-BY-4.0",
      "dependencies": {
        "@unseenco/taxi": "^1.9.0",
        "gsap": "^3.13.0",
        "lenis": "^1.3.4"
      },
      "devDependencies": {
        "bun": "^1.1.45",
        "bun-types": "latest",
        "mkcert": "^3.2.0"
      },
      "peerDependencies": {
        "typescript": "^5.7.3"
      }
    },
    "node_modules/@oven/bun-darwin-aarch64": {
      "version": "1.3.9",
      "resolved": "https://registry.npmjs.org/@oven/bun-darwin-aarch64/-/bun-darwin-aarch64-1.3.9.tgz",
      "integrity": "sha512-df7smckMWSUfaT5mzwN9Lfpd3ZGkOqo+vmQ8VV2a32gl14v6uZ/qeeo+1RlANXn8M0uzXPWWCkrKZIWSZUR0qw==",
      "cpu": [
        "arm64"
      ],
      "dev": true,
      "license": "MIT",
      "optional": true,
      "os": [
        "darwin"
      ]
    },
    "node_modules/@oven/bun-darwin-x64": {
      "version": "1.3.9",
      "resolved": "https://registry.npmjs.org/@oven/bun-darwin-x64/-/bun-darwin-x64-1.3.9.tgz",
      "integrity": "sha512-YiLxfsPzQqaVvT2a+nxH9do0YfUjrlxF3tKP0b1DDgvfgCcVKGsrQH3Wa82qHgL4dnT8h2bqi94JxXESEuPmcA==",
      "cpu": [
        "x64"
      ],
      "dev": true,
      "license": "MIT",
      "optional": true,
      "os": [
        "darwin"
      ]
    },
    "node_modules/@oven/bun-darwin-x64-baseline": {
      "version": "1.3.9",
      "resolved": "https://registry.npmjs.org/@oven/bun-darwin-x64-baseline/-/bun-darwin-x64-baseline-1.3.9.tgz",
      "integrity": "sha512-XbhsA2XAFzvFr0vPSV6SNqGxab4xHKdPmVTLqoSHAx9tffrSq/012BDptOskulwnD+YNsrJUx2D2Ve1xvfgGcg==",
      "cpu": [
        "x64"
      ],
      "dev": true,
      "license": "MIT",
      "optional": true,
      "os": [
        "darwin"
      ]
    },
    "node_modules/@oven/bun-linux-aarch64": {
      "version": "1.3.9",
      "resolved": "https://registry.npmjs.org/@oven/bun-linux-aarch64/-/bun-linux-aarch64-1.3.9.tgz",
      "integrity": "sha512-VaNQTu0Up4gnwZLQ6/Hmho6jAlLxTQ1PwxEth8EsXHf82FOXXPV5OCQ6KC9mmmocjKlmWFaIGebThrOy8DUo4g==",
      "cpu": [
        "arm64"
      ],
      "dev": true,
      "license": "MIT",
      "optional": true,
      "os": [
        "linux"
      ]
    },
    "node_modules/@oven/bun-linux-aarch64-musl": {
      "version": "1.3.9",
      "resolved": "https://registry.npmjs.org/@oven/bun-linux-aarch64-musl/-/bun-linux-aarch64-musl-1.3.9.tgz",
      "integrity": "sha512-t8uimCVBTw5f9K2QTZE5wN6UOrFETNrh/Xr7qtXT9nAOzaOnIFvYA+HcHbGfi31fRlCVfTxqm/EiCwJ1gEw9YQ==",
      "cpu": [
        "arm64"
      ],
      "dev": true,
      "license": "MIT",
      "optional": true,
      "os": [
        "linux"
      ]
    },
    "node_modules/@oven/bun-linux-x64": {
      "version": "1.3.9",
      "resolved": "https://registry.npmjs.org/@oven/bun-linux-x64/-/bun-linux-x64-1.3.9.tgz",
      "integrity": "sha512-oQyAW3+ugulvXTZ+XYeUMmNPR94sJeMokfHQoKwPvVwhVkgRuMhcLGV2ZesHCADVu30Oz2MFXbgdC8x4/o9dRg==",
      "cpu": [
        "x64"
      ],
      "dev": true,
      "license": "MIT",
      "optional": true,
      "os": [
        "linux"
      ]
    },
    "node_modules/@oven/bun-linux-x64-baseline": {
      "version": "1.3.9",
      "resolved": "https://registry.npmjs.org/@oven/bun-linux-x64-baseline/-/bun-linux-x64-baseline-1.3.9.tgz",
      "integrity": "sha512-nZ12g22cy7pEOBwAxz2tp0wVqekaCn9QRKuGTHqOdLlyAqR4SCdErDvDhUWd51bIyHTQoCmj72TegGTgG0WNPw==",
      "cpu": [
        "x64"
      ],
      "dev": true,
      "license": "MIT",
      "optional": true,
      "os": [
        "linux"
      ]
    },
    "node_modules/@oven/bun-linux-x64-musl": {
      "version": "1.3.9",
      "resolved": "https://registry.npmjs.org/@oven/bun-linux-x64-musl/-/bun-linux-x64-musl-1.3.9.tgz",
      "integrity": "sha512-4ZjIUgCxEyKwcKXideB5sX0KJpnHTZtu778w73VNq2uNH2fNpMZv98+DBgJyQ9OfFoRhmKn1bmLmSefvnHzI9w==",
      "cpu": [
        "x64"
      ],
      "dev": true,
      "license": "MIT",
      "optional": true,
      "os": [
        "linux"
      ]
    },
    "node_modules/@oven/bun-linux-x64-musl-baseline": {
      "version": "1.3.9",
      "resolved": "https://registry.npmjs.org/@oven/bun-linux-x64-musl-baseline/-/bun-linux-x64-musl-baseline-1.3.9.tgz",
      "integrity": "sha512-3FXQgtYFsT0YOmAdMcJn56pLM5kzSl6y942rJJIl5l2KummB9Ea3J/vMJMzQk7NCAGhleZGWU/pJSS/uXKGa7w==",
      "cpu": [
        "x64"
      ],
      "dev": true,
      "license": "MIT",
      "optional": true,
      "os": [
        "linux"
      ]
    },
    "node_modules/@oven/bun-windows-x64": {
      "version": "1.3.9",
      "resolved": "https://registry.npmjs.org/@oven/bun-windows-x64/-/bun-windows-x64-1.3.9.tgz",
      "integrity": "sha512-/d6vAmgKvkoYlsGPsRPlPmOK1slPis/F40UG02pYwypTH0wmY0smgzdFqR4YmryxFh17XrW1kITv+U99Oajk9Q==",
      "cpu": [
        "x64"
      ],
      "dev": true,
      "license": "MIT",
      "optional": true,
      "os": [
        "win32"
      ]
    },
    "node_modules/@oven/bun-windows-x64-baseline": {
      "version": "1.3.9",
      "resolved": "https://registry.npmjs.org/@oven/bun-windows-x64-baseline/-/bun-windows-x64-baseline-1.3.9.tgz",
      "integrity": "sha512-a/+hSrrDpMD7THyXvE2KJy1skxzAD0cnW4K1WjuI/91VqsphjNzvf5t/ZgxEVL4wb6f+hKrSJ5J3aH47zPr61g==",
      "cpu": [
        "x64"
      ],
      "dev": true,
      "license": "MIT",
      "optional": true,
      "os": [
        "win32"
      ]
    },
    "node_modules/@types/node": {
      "version": "25.2.3",
      "resolved": "https://registry.npmjs.org/@types/node/-/node-25.2.3.tgz",
      "integrity": "sha512-m0jEgYlYz+mDJZ2+F4v8D1AyQb+QzsNqRuI7xg1VQX/KlKS0qT9r1Mo16yo5F/MtifXFgaofIFsdFMox2SxIbQ==",
      "dev": true,
      "license": "MIT",
      "dependencies": {
        "undici-types": "~7.16.0"
      }
    },
    "node_modules/@unseenco/e": {
      "version": "2.5.0",
      "resolved": "https://registry.npmjs.org/@unseenco/e/-/e-2.5.0.tgz",
      "integrity": "sha512-9eJ6Anii+eoreu1TKxZRImCqoQ2djFrtNToZj++MTLW1j/NbmVCQUeO/x/86VxV7HINsZ8GuFkNfRJKb03HR/Q==",
      "license": "BSD-3-Clause",
      "dependencies": {
        "selector-set": "^1.1.5"
      }
    },
    "node_modules/@unseenco/taxi": {
      "version": "1.9.1",
      "resolved": "https://registry.npmjs.org/@unseenco/taxi/-/taxi-1.9.1.tgz",
      "integrity": "sha512-jT86n7H750CUJytsDy9v+C27roO8dXjbUnXyK5330Hptpv3RWg2mZ/XiAOYXAjVmZ7vZu3HIXUmeCqDmGqWD9w==",
      "license": "BSD-3-Clause",
      "dependencies": {
        "@unseenco/e": "^2.3.0"
      }
    },
    "node_modules/bun": {
      "version": "1.3.9",
      "resolved": "https://registry.npmjs.org/bun/-/bun-1.3.9.tgz",
      "integrity": "sha512-v5hkh1us7sMNjfimWE70flYbD5I1/qWQaqmJ45q2qk5H/7muQVa478LSVRSFyGTBUBog2LsPQnfIRdjyWJRY+A==",
      "cpu": [
        "arm64",
        "x64"
      ],
      "dev": true,
      "hasInstallScript": true,
      "license": "MIT",
      "os": [
        "darwin",
        "linux",
        "win32"
      ],
      "bin": {
        "bun": "bin/bun.exe",
        "bunx": "bin/bunx.exe"
      },
      "optionalDependencies": {
        "@oven/bun-darwin-aarch64": "1.3.9",
        "@oven/bun-darwin-x64": "1.3.9",
        "@oven/bun-darwin-x64-baseline": "1.3.9",
        "@oven/bun-linux-aarch64": "1.3.9",
        "@oven/bun-linux-aarch64-musl": "1.3.9",
        "@oven/bun-linux-x64": "1.3.9",
        "@oven/bun-linux-x64-baseline": "1.3.9",
        "@oven/bun-linux-x64-musl": "1.3.9",
        "@oven/bun-linux-x64-musl-baseline": "1.3.9",
        "@oven/bun-windows-x64": "1.3.9",
        "@oven/bun-windows-x64-baseline": "1.3.9"
      }
    },
    "node_modules/bun-types": {
      "version": "1.3.9",
      "resolved": "https://registry.npmjs.org/bun-types/-/bun-types-1.3.9.tgz",
      "integrity": "sha512-+UBWWOakIP4Tswh0Bt0QD0alpTY8cb5hvgiYeWCMet9YukHbzuruIEeXC2D7nMJPB12kbh8C7XJykSexEqGKJg==",
      "dev": true,
      "license": "MIT",
      "dependencies": {
        "@types/node": "*"
      }
    },
    "node_modules/commander": {
      "version": "11.1.0",
      "resolved": "https://registry.npmjs.org/commander/-/commander-11.1.0.tgz",
      "integrity": "sha512-yPVavfyCcRhmorC7rWlkHn15b4wDVgVmBA7kV4QVBsF7kv/9TKJAbAXVTxvTnwP8HHKjRCJDClKbciiYS7p0DQ==",
      "dev": true,
      "license": "MIT",
      "engines": {
        "node": ">=16"
      }
    },
    "node_modules/gsap": {
      "version": "3.14.2",
      "resolved": "https://registry.npmjs.org/gsap/-/gsap-3.14.2.tgz",
      "integrity": "sha512-P8/mMxVLU7o4+55+1TCnQrPmgjPKnwkzkXOK1asnR9Jg2lna4tEY5qBJjMmAaOBDDZWtlRjBXjLa0w53G/uBLA==",
      "license": "Standard 'no charge' license: https://gsap.com/standard-license."
    },
    "node_modules/lenis": {
      "version": "1.3.17",
      "resolved": "https://registry.npmjs.org/lenis/-/lenis-1.3.17.tgz",
      "integrity": "sha512-k9T9rgcxne49ggJOvXCraWn5dt7u2mO+BNkhyu6yxuEnm9c092kAW5Bus5SO211zUvx7aCCEtzy9UWr0RB+oJw==",
      "license": "MIT",
      "funding": {
        "type": "github",
        "url": "https://github.com/sponsors/darkroomengineering"
      },
      "peerDependencies": {
        "@nuxt/kit": ">=3.0.0",
        "react": ">=17.0.0",
        "vue": ">=3.0.0"
      },
      "peerDependenciesMeta": {
        "@nuxt/kit": {
          "optional": true
        },
        "react": {
          "optional": true
        },
        "vue": {
          "optional": true
        }
      }
    },
    "node_modules/mkcert": {
      "version": "3.2.0",
      "resolved": "https://registry.npmjs.org/mkcert/-/mkcert-3.2.0.tgz",
      "integrity": "sha512-026Eivq9RoOjOuLJGzbhGwXUAjBxRX11Z7Jbm4/7lqT/Av+XNy9SPrJte6+UpEt7i+W3e/HZYxQqlQcqXZWSzg==",
      "dev": true,
      "license": "MIT",
      "dependencies": {
        "commander": "^11.0.0",
        "node-forge": "^1.3.1"
      },
      "bin": {
        "mkcert": "dist/cli.js"
      },
      "engines": {
        "node": ">=16"
      }
    },
    "node_modules/node-forge": {
      "version": "1.3.3",
      "resolved": "https://registry.npmjs.org/node-forge/-/node-forge-1.3.3.tgz",
      "integrity": "sha512-rLvcdSyRCyouf6jcOIPe/BgwG/d7hKjzMKOas33/pHEr6gbq18IK9zV7DiPvzsz0oBJPme6qr6H6kGZuI9/DZg==",
      "dev": true,
      "license": "(BSD-3-Clause OR GPL-2.0)",
      "engines": {
        "node": ">= 6.13.0"
      }
    },
    "node_modules/selector-set": {
      "version": "1.1.5",
      "resolved": "https://registry.npmjs.org/selector-set/-/selector-set-1.1.5.tgz",
      "integrity": "sha512-6SQw6yMew5iOZ8/cDHDEnJWRM4ot2mxP6szZyF5ptrBogw4AcS4EXRj/8BUfgAMwVfdL84qpModlBMOl2NVrsQ==",
      "license": "MIT"
    },
    "node_modules/typescript": {
      "version": "5.9.3",
      "resolved": "https://registry.npmjs.org/typescript/-/typescript-5.9.3.tgz",
      "integrity": "sha512-jl1vZzPDinLr9eUt3J/t7V6FgNEw9QjvBPdysz9KfQDD41fQrC2Y4vKQdiaUpFT4bXlb1RHhLpp8wtm6M5TgSw==",
      "license": "Apache-2.0",
      "peer": true,
      "bin": {
        "tsc": "bin/tsc",
        "tsserver": "bin/tsserver"
      },
      "engines": {
        "node": ">=14.17"
      }
    },
    "node_modules/undici-types": {
      "version": "7.16.0",
      "resolved": "https://registry.npmjs.org/undici-types/-/undici-types-7.16.0.tgz",
      "integrity": "sha512-Zz+aZWSj8LE6zoxD+xrjh4VfkIG8Ya6LvYkZqtUQGJPZjYl53ypCaUwWqo7eI0x66KBGeRo+mlBEkMSeSZ38Nw==",
      "dev": true,
      "license": "MIT"
    }
  }
}
